
Microsoft Visual Studio Solution File, Format Version 12.00
# Visual Studio 15
VisualStudioVersion = 15.0.28010.2003
MinimumVisualStudioVersion = 10.0.40219.1
Project("{FAE04EC0-301F-11D3-BF4B-00C04F79EFBC}") = "WpfBasics", "WpfBasics\WpfBasics.csproj", "{3EE5F7E4-0964-4CC1-B1AC-8351A74666E3}"
EndProject
Global
	GlobalSection(SolutionConfigurationPlatforms) = preSolution
		Debug|Any CPU = Debug|Any CPU
		Release|Any CPU = Release|Any CPU
	EndGlobalSection
	GlobalSection(ProjectConfigurationPlatforms) = postSolution
		{3EE5F7E4-0964-4CC1-B1AC-8351A74666E3}.Debug|Any CPU.ActiveCfg = Debug|Any CPU
		{3EE5F7E4-0964-4CC1-B1AC-8351A74666E3}.Debug|Any CPU.Build.0 = Debug|Any CPU
		{3EE5F7E4-0964-4CC1-B1AC-8351A74666E3}.Release|Any CPU.ActiveCfg = Release|Any CPU
		{3EE5F7E4-0964-4CC1-B1AC-8351A74666E3}.Release|Any CPU.Build.0 = Release|Any CPU
	EndGlobalSection
	GlobalSection(SolutionProperties) = preSolution
		HideSolutionNode = FALSE
	EndGlobalSection
	GlobalSection(ExtensibilityGlobals) = postSolution
		SolutionGuid = {0312AC9A-DFAC-4F9A-8A23-43CA05EC03C0}
	EndGlobalSection
EndGlobal
